// !$*UTF8*$!
{
	archiveVersion = 1;
	classes = {
	};
	objectVersion = 46;
	objects = {

/* Begin PBXBuildFile section */
		6802E31018F7EFDD008439D2 /* ELExercise.m in Sources */ = {isa = PBXBuildFile; fileRef = 6802E30F18F7EFDD008439D2 /* ELExercise.m */; };
		6802E31318F7F029008439D2 /* ELSet.m in Sources */ = {isa = PBXBuildFile; fileRef = 6802E31218F7F029008439D2 /* ELSet.m */; };
		6802E31718F7F7AF008439D2 /* ELViewWorkoutTableViewController.m in Sources */ = {isa = PBXBuildFile; fileRef = 6802E31518F7F7AF008439D2 /* ELViewWorkoutTableViewController.m */; };
		6802E31818F7F7AF008439D2 /* ELViewWorkoutTableViewController.xib in Resources */ = {isa = PBXBuildFile; fileRef = 6802E31618F7F7AF008439D2 /* ELViewWorkoutTableViewController.xib */; };
		681F739F18DF223D00AE982D /* ELWorkoutsViewController.m in Sources */ = {isa = PBXBuildFile; fileRef = 681F739D18DF223D00AE982D /* ELWorkoutsViewController.m */; };
		683657D818E0670300FA50F2 /* ELAddSetsViewController.m in Sources */ = {isa = PBXBuildFile; fileRef = 683657D618E0670300FA50F2 /* ELAddSetsViewController.m */; };
		683657D918E0670300FA50F2 /* ELAddSetsViewController.xib in Resources */ = {isa = PBXBuildFile; fileRef = 683657D718E0670300FA50F2 /* ELAddSetsViewController.xib */; };
		6841730618EA4CB30049829E /* ELWorkoutsViewController.xib in Resources */ = {isa = PBXBuildFile; fileRef = 6841730518EA4CB30049829E /* ELWorkoutsViewController.xib */; };
		6841D16918F857D4008CFBF3 /* Gotham-Book.otf in Resources */ = {isa = PBXBuildFile; fileRef = 6841D16718F857D4008CFBF3 /* Gotham-Book.otf */; };
		6841D16C18F859D4008CFBF3 /* Gotham-Light.otf in Resources */ = {isa = PBXBuildFile; fileRef = 6841D16B18F859D4008CFBF3 /* Gotham-Light.otf */; };
		68535D35190148F80074AD71 /* ELSettingsTableViewController.m in Sources */ = {isa = PBXBuildFile; fileRef = 68535D33190148F80074AD71 /* ELSettingsTableViewController.m */; };
		68535D36190148F80074AD71 /* ELSettingsTableViewController.xib in Resources */ = {isa = PBXBuildFile; fileRef = 68535D34190148F80074AD71 /* ELSettingsTableViewController.xib */; };
		68535D401901DC180074AD71 /* ELSettingsUtil.m in Sources */ = {isa = PBXBuildFile; fileRef = 68535D3F1901DC180074AD71 /* ELSettingsUtil.m */; };
		686B857018EAB34D00E76E15 /* ELWorkoutTableViewCell.m in Sources */ = {isa = PBXBuildFile; fileRef = 686B856E18EAB34D00E76E15 /* ELWorkoutTableViewCell.m */; };
		686B857118EAB34D00E76E15 /* ELWorkoutTableViewCell.xib in Resources */ = {isa = PBXBuildFile; fileRef = 686B856F18EAB34D00E76E15 /* ELWorkoutTableViewCell.xib */; };
		686B857518EACE4700E76E15 /* ELDateTimeUtil.m in Sources */ = {isa = PBXBuildFile; fileRef = 686B857418EACE4700E76E15 /* ELDateTimeUtil.m */; };
		68AABBE618DB9FA7008E883D /* Foundation.framework in Frameworks */ = {isa = PBXBuildFile; fileRef = 68AABBE518DB9FA7008E883D /* Foundation.framework */; };
		68AABBE818DB9FA7008E883D /* CoreGraphics.framework in Frameworks */ = {isa = PBXBuildFile; fileRef = 68AABBE718DB9FA7008E883D /* CoreGraphics.framework */; };
		68AABBEA18DB9FA7008E883D /* UIKit.framework in Frameworks */ = {isa = PBXBuildFile; fileRef = 68AABBE918DB9FA7008E883D /* UIKit.framework */; };
		68AABBF018DB9FA7008E883D /* InfoPlist.strings in Resources */ = {isa = PBXBuildFile; fileRef = 68AABBEE18DB9FA7008E883D /* InfoPlist.strings */; };
		68AABBF218DB9FA7008E883D /* main.m in Sources */ = {isa = PBXBuildFile; fileRef = 68AABBF118DB9FA7008E883D /* main.m */; };
		68AABBF618DB9FA7008E883D /* ELAppDelegate.m in Sources */ = {isa = PBXBuildFile; fileRef = 68AABBF518DB9FA7008E883D /* ELAppDelegate.m */; };
		68AABBF818DB9FA7008E883D /* Images.xcassets in Resources */ = {isa = PBXBuildFile; fileRef = 68AABBF718DB9FA7008E883D /* Images.xcassets */; };
		68AABBFF18DB9FA7008E883D /* XCTest.framework in Frameworks */ = {isa = PBXBuildFile; fileRef = 68AABBFE18DB9FA7008E883D /* XCTest.framework */; };
		68AABC0018DB9FA7008E883D /* Foundation.framework in Frameworks */ = {isa = PBXBuildFile; fileRef = 68AABBE518DB9FA7008E883D /* Foundation.framework */; };
		68AABC0118DB9FA7008E883D /* UIKit.framework in Frameworks */ = {isa = PBXBuildFile; fileRef = 68AABBE918DB9FA7008E883D /* UIKit.framework */; };
		68AABC0918DB9FA7008E883D /* InfoPlist.strings in Resources */ = {isa = PBXBuildFile; fileRef = 68AABC0718DB9FA7008E883D /* InfoPlist.strings */; };
		68AABC0B18DB9FA7008E883D /* Evenlift_iOSTests.m in Sources */ = {isa = PBXBuildFile; fileRef = 68AABC0A18DB9FA7008E883D /* Evenlift_iOSTests.m */; };
		68AABC1518DBA03F008E883D /* Firebase.framework in Frameworks */ = {isa = PBXBuildFile; fileRef = 68AABC1418DBA03F008E883D /* Firebase.framework */; };
		68AABC1718DBA05A008E883D /* libicucore.dylib in Frameworks */ = {isa = PBXBuildFile; fileRef = 68AABC1618DBA05A008E883D /* libicucore.dylib */; };
		68AABC1918DBA064008E883D /* libc++.dylib in Frameworks */ = {isa = PBXBuildFile; fileRef = 68AABC1818DBA064008E883D /* libc++.dylib */; };
		68AABC1B18DBA069008E883D /* CFNetwork.framework in Frameworks */ = {isa = PBXBuildFile; fileRef = 68AABC1A18DBA069008E883D /* CFNetwork.framework */; };
		68AABC1D18DBA06E008E883D /* Security.framework in Frameworks */ = {isa = PBXBuildFile; fileRef = 68AABC1C18DBA06E008E883D /* Security.framework */; };
		68AABC1F18DBA074008E883D /* SystemConfiguration.framework in Frameworks */ = {isa = PBXBuildFile; fileRef = 68AABC1E18DBA074008E883D /* SystemConfiguration.framework */; };
		68AABC2118DBA0C8008E883D /* FirebaseSimpleLogin.framework in Frameworks */ = {isa = PBXBuildFile; fileRef = 68AABC2018DBA0C8008E883D /* FirebaseSimpleLogin.framework */; };
		68AABC2318DBA0D0008E883D /* Accounts.framework in Frameworks */ = {isa = PBXBuildFile; fileRef = 68AABC2218DBA0D0008E883D /* Accounts.framework */; };
		68AABC2518DBA0D6008E883D /* Social.framework in Frameworks */ = {isa = PBXBuildFile; fileRef = 68AABC2418DBA0D6008E883D /* Social.framework */; };
		68AABC2718DBA14A008E883D /* FacebookSDK.framework in Frameworks */ = {isa = PBXBuildFile; fileRef = 68AABC2618DBA14A008E883D /* FacebookSDK.framework */; };
		68AABC2D18DCF547008E883D /* ELLoginViewController.m in Sources */ = {isa = PBXBuildFile; fileRef = 68AABC2B18DCF547008E883D /* ELLoginViewController.m */; };
		68AABC2E18DCF547008E883D /* ELLoginViewController.xib in Resources */ = {isa = PBXBuildFile; fileRef = 68AABC2C18DCF547008E883D /* ELLoginViewController.xib */; };
		68D1432318EA272600AB3FE8 /* ELWorkout.m in Sources */ = {isa = PBXBuildFile; fileRef = 68D1432218EA272600AB3FE8 /* ELWorkout.m */; };
		68E5A1EB18F6E18800F88D33 /* SVProgressHUD.bundle in Resources */ = {isa = PBXBuildFile; fileRef = 68E5A1E818F6E18800F88D33 /* SVProgressHUD.bundle */; };
		68E5A1EC18F6E18800F88D33 /* SVProgressHUD.m in Sources */ = {isa = PBXBuildFile; fileRef = 68E5A1EA18F6E18800F88D33 /* SVProgressHUD.m */; };
		68E5A1F218F6F89900F88D33 /* HTAutocompleteTextField.m in Sources */ = {isa = PBXBuildFile; fileRef = 68E5A1EF18F6F89900F88D33 /* HTAutocompleteTextField.m */; };
		68E5A1F918F7019200F88D33 /* ELExerciseAutocompleteTextField.m in Sources */ = {isa = PBXBuildFile; fileRef = 68E5A1F818F7019200F88D33 /* ELExerciseAutocompleteTextField.m */; };
		68E9137318F4D4A0006A20D4 /* ELCountdownViewController.m in Sources */ = {isa = PBXBuildFile; fileRef = 68E9137118F4D4A0006A20D4 /* ELCountdownViewController.m */; };
		68E9137418F4D4A0006A20D4 /* ELCountdownViewController.xib in Resources */ = {isa = PBXBuildFile; fileRef = 68E9137218F4D4A0006A20D4 /* ELCountdownViewController.xib */; };
		68E97F10190315F0003F43FB /* Gotham-Ultra.otf in Resources */ = {isa = PBXBuildFile; fileRef = 68E97F0F190315F0003F43FB /* Gotham-Ultra.otf */; };
		68F0CFA218EC2A73003DDC10 /* ELExercisesTableViewController.m in Sources */ = {isa = PBXBuildFile; fileRef = 68F0CFA018EC2A73003DDC10 /* ELExercisesTableViewController.m */; };
		68F0CFA318EC2A73003DDC10 /* ELExercisesTableViewController.xib in Resources */ = {isa = PBXBuildFile; fileRef = 68F0CFA118EC2A73003DDC10 /* ELExercisesTableViewController.xib */; };
		68F0E4261905BB41001027F6 /* ELColorUtil.m in Sources */ = {isa = PBXBuildFile; fileRef = 68F0E4251905BB41001027F6 /* ELColorUtil.m */; };
/* End PBXBuildFile section */

/* Begin PBXContainerItemProxy section */
		68AABC0218DB9FA7008E883D /* PBXContainerItemProxy */ = {
			isa = PBXContainerItemProxy;
			containerPortal = 68AABBDA18DB9FA7008E883D /* Project object */;
			proxyType = 1;
			remoteGlobalIDString = 68AABBE118DB9FA7008E883D;
			remoteInfo = "Evenlift iOS";
		};
/* End PBXContainerItemProxy section */

/* Begin PBXFileReference section */
		6802E30E18F7EFDD008439D2 /* ELExercise.h */ = {isa = PBXFileReference; fileEncoding = 4; lastKnownFileType = sourcecode.c.h; name = ELExercise.h; path = Model/ELExercise.h; sourceTree = "<group>"; };
		6802E30F18F7EFDD008439D2 /* ELExercise.m */ = {isa = PBXFileReference; fileEncoding = 4; lastKnownFileType = sourcecode.c.objc; name = ELExercise.m; path = Model/ELExercise.m; sourceTree = "<group>"; };
		6802E31118F7F029008439D2 /* ELSet.h */ = {isa = PBXFileReference; fileEncoding = 4; lastKnownFileType = sourcecode.c.h; name = ELSet.h; path = Model/ELSet.h; sourceTree = "<group>"; };
		6802E31218F7F029008439D2 /* ELSet.m */ = {isa = PBXFileReference; fileEncoding = 4; lastKnownFileType = sourcecode.c.objc; name = ELSet.m; path = Model/ELSet.m; sourceTree = "<group>"; };
		6802E31418F7F7AF008439D2 /* ELViewWorkoutTableViewController.h */ = {isa = PBXFileReference; fileEncoding = 4; lastKnownFileType = sourcecode.c.h; path = ELViewWorkoutTableViewController.h; sourceTree = "<group>"; };
		6802E31518F7F7AF008439D2 /* ELViewWorkoutTableViewController.m */ = {isa = PBXFileReference; fileEncoding = 4; lastKnownFileType = sourcecode.c.objc; path = ELViewWorkoutTableViewController.m; sourceTree = "<group>"; };
		6802E31618F7F7AF008439D2 /* ELViewWorkoutTableViewController.xib */ = {isa = PBXFileReference; fileEncoding = 4; lastKnownFileType = file.xib; path = ELViewWorkoutTableViewController.xib; sourceTree = "<group>"; };
		681F739C18DF223D00AE982D /* ELWorkoutsViewController.h */ = {isa = PBXFileReference; fileEncoding = 4; lastKnownFileType = sourcecode.c.h; path = ELWorkoutsViewController.h; sourceTree = "<group>"; };
		681F739D18DF223D00AE982D /* ELWorkoutsViewController.m */ = {isa = PBXFileReference; fileEncoding = 4; lastKnownFileType = sourcecode.c.objc; path = ELWorkoutsViewController.m; sourceTree = "<group>"; };
		683657D518E0670300FA50F2 /* ELAddSetsViewController.h */ = {isa = PBXFileReference; fileEncoding = 4; lastKnownFileType = sourcecode.c.h; path = ELAddSetsViewController.h; sourceTree = "<group>"; };
		683657D618E0670300FA50F2 /* ELAddSetsViewController.m */ = {isa = PBXFileReference; fileEncoding = 4; lastKnownFileType = sourcecode.c.objc; path = ELAddSetsViewController.m; sourceTree = "<group>"; };
		683657D718E0670300FA50F2 /* ELAddSetsViewController.xib */ = {isa = PBXFileReference; fileEncoding = 4; lastKnownFileType = file.xib; path = ELAddSetsViewController.xib; sourceTree = "<group>"; };
		6841730518EA4CB30049829E /* ELWorkoutsViewController.xib */ = {isa = PBXFileReference; fileEncoding = 4; lastKnownFileType = file.xib; path = ELWorkoutsViewController.xib; sourceTree = "<group>"; };
		6841D16718F857D4008CFBF3 /* Gotham-Book.otf */ = {isa = PBXFileReference; lastKnownFileType = file; path = "Gotham-Book.otf"; sourceTree = "<group>"; };
		6841D16B18F859D4008CFBF3 /* Gotham-Light.otf */ = {isa = PBXFileReference; lastKnownFileType = file; path = "Gotham-Light.otf"; sourceTree = "<group>"; };
		68535D32190148F80074AD71 /* ELSettingsTableViewController.h */ = {isa = PBXFileReference; fileEncoding = 4; lastKnownFileType = sourcecode.c.h; path = ELSettingsTableViewController.h; sourceTree = "<group>"; };
		68535D33190148F80074AD71 /* ELSettingsTableViewController.m */ = {isa = PBXFileReference; fileEncoding = 4; lastKnownFileType = sourcecode.c.objc; path = ELSettingsTableViewController.m; sourceTree = "<group>"; };
		68535D34190148F80074AD71 /* ELSettingsTableViewController.xib */ = {isa = PBXFileReference; fileEncoding = 4; lastKnownFileType = file.xib; path = ELSettingsTableViewController.xib; sourceTree = "<group>"; };
		68535D3E1901DC180074AD71 /* ELSettingsUtil.h */ = {isa = PBXFileReference; fileEncoding = 4; lastKnownFileType = sourcecode.c.h; name = ELSettingsUtil.h; path = Helpers/ELSettingsUtil.h; sourceTree = "<group>"; };
		68535D3F1901DC180074AD71 /* ELSettingsUtil.m */ = {isa = PBXFileReference; fileEncoding = 4; lastKnownFileType = sourcecode.c.objc; name = ELSettingsUtil.m; path = Helpers/ELSettingsUtil.m; sourceTree = "<group>"; };
		686B856D18EAB34D00E76E15 /* ELWorkoutTableViewCell.h */ = {isa = PBXFileReference; fileEncoding = 4; lastKnownFileType = sourcecode.c.h; name = ELWorkoutTableViewCell.h; path = Views/ELWorkoutTableViewCell.h; sourceTree = "<group>"; };
		686B856E18EAB34D00E76E15 /* ELWorkoutTableViewCell.m */ = {isa = PBXFileReference; fileEncoding = 4; lastKnownFileType = sourcecode.c.objc; name = ELWorkoutTableViewCell.m; path = Views/ELWorkoutTableViewCell.m; sourceTree = "<group>"; };
		686B856F18EAB34D00E76E15 /* ELWorkoutTableViewCell.xib */ = {isa = PBXFileReference; fileEncoding = 4; lastKnownFileType = file.xib; name = ELWorkoutTableViewCell.xib; path = Views/ELWorkoutTableViewCell.xib; sourceTree = "<group>"; };
		686B857318EACE4700E76E15 /* ELDateTimeUtil.h */ = {isa = PBXFileReference; fileEncoding = 4; lastKnownFileType = sourcecode.c.h; name = ELDateTimeUtil.h; path = Helpers/ELDateTimeUtil.h; sourceTree = "<group>"; };
		686B857418EACE4700E76E15 /* ELDateTimeUtil.m */ = {isa = PBXFileReference; fileEncoding = 4; lastKnownFileType = sourcecode.c.objc; name = ELDateTimeUtil.m; path = Helpers/ELDateTimeUtil.m; sourceTree = "<group>"; };
		68AABBE218DB9FA7008E883D /* Evenlift.app */ = {isa = PBXFileReference; explicitFileType = wrapper.application; includeInIndex = 0; path = Evenlift.app; sourceTree = BUILT_PRODUCTS_DIR; };
		68AABBE518DB9FA7008E883D /* Foundation.framework */ = {isa = PBXFileReference; lastKnownFileType = wrapper.framework; name = Foundation.framework; path = System/Library/Frameworks/Foundation.framework; sourceTree = SDKROOT; };
		68AABBE718DB9FA7008E883D /* CoreGraphics.framework */ = {isa = PBXFileReference; lastKnownFileType = wrapper.framework; name = CoreGraphics.framework; path = System/Library/Frameworks/CoreGraphics.framework; sourceTree = SDKROOT; };
		68AABBE918DB9FA7008E883D /* UIKit.framework */ = {isa = PBXFileReference; lastKnownFileType = wrapper.framework; name = UIKit.framework; path = System/Library/Frameworks/UIKit.framework; sourceTree = SDKROOT; };
		68AABBED18DB9FA7008E883D /* Evenlift-Info.plist */ = {isa = PBXFileReference; lastKnownFileType = text.plist.xml; path = "Evenlift-Info.plist"; sourceTree = "<group>"; };
		68AABBEF18DB9FA7008E883D /* en */ = {isa = PBXFileReference; lastKnownFileType = text.plist.strings; name = en; path = en.lproj/InfoPlist.strings; sourceTree = "<group>"; };
		68AABBF118DB9FA7008E883D /* main.m */ = {isa = PBXFileReference; lastKnownFileType = sourcecode.c.objc; path = main.m; sourceTree = "<group>"; };
		68AABBF318DB9FA7008E883D /* Evenlift-Prefix.pch */ = {isa = PBXFileReference; lastKnownFileType = sourcecode.c.h; path = "Evenlift-Prefix.pch"; sourceTree = "<group>"; };
		68AABBF418DB9FA7008E883D /* ELAppDelegate.h */ = {isa = PBXFileReference; lastKnownFileType = sourcecode.c.h; path = ELAppDelegate.h; sourceTree = "<group>"; };
		68AABBF518DB9FA7008E883D /* ELAppDelegate.m */ = {isa = PBXFileReference; lastKnownFileType = sourcecode.c.objc; path = ELAppDelegate.m; sourceTree = "<group>"; };
		68AABBF718DB9FA7008E883D /* Images.xcassets */ = {isa = PBXFileReference; lastKnownFileType = folder.assetcatalog; path = Images.xcassets; sourceTree = "<group>"; };
		68AABBFD18DB9FA7008E883D /* EvenliftTests.xctest */ = {isa = PBXFileReference; explicitFileType = wrapper.cfbundle; includeInIndex = 0; path = EvenliftTests.xctest; sourceTree = BUILT_PRODUCTS_DIR; };
		68AABBFE18DB9FA7008E883D /* XCTest.framework */ = {isa = PBXFileReference; lastKnownFileType = wrapper.framework; name = XCTest.framework; path = Library/Frameworks/XCTest.framework; sourceTree = DEVELOPER_DIR; };
		68AABC0618DB9FA7008E883D /* EvenliftTests-Info.plist */ = {isa = PBXFileReference; lastKnownFileType = text.plist.xml; path = "EvenliftTests-Info.plist"; sourceTree = "<group>"; };
		68AABC0818DB9FA7008E883D /* en */ = {isa = PBXFileReference; lastKnownFileType = text.plist.strings; name = en; path = en.lproj/InfoPlist.strings; sourceTree = "<group>"; };
		68AABC0A18DB9FA7008E883D /* Evenlift_iOSTests.m */ = {isa = PBXFileReference; lastKnownFileType = sourcecode.c.objc; path = Evenlift_iOSTests.m; sourceTree = "<group>"; };
		68AABC1418DBA03F008E883D /* Firebase.framework */ = {isa = PBXFileReference; lastKnownFileType = wrapper.framework; name = Firebase.framework; path = ../../frameworks/Firebase.framework; sourceTree = "<group>"; };
		68AABC1618DBA05A008E883D /* libicucore.dylib */ = {isa = PBXFileReference; lastKnownFileType = "compiled.mach-o.dylib"; name = libicucore.dylib; path = usr/lib/libicucore.dylib; sourceTree = SDKROOT; };
		68AABC1818DBA064008E883D /* libc++.dylib */ = {isa = PBXFileReference; lastKnownFileType = "compiled.mach-o.dylib"; name = "libc++.dylib"; path = "usr/lib/libc++.dylib"; sourceTree = SDKROOT; };
		68AABC1A18DBA069008E883D /* CFNetwork.framework */ = {isa = PBXFileReference; lastKnownFileType = wrapper.framework; name = CFNetwork.framework; path = System/Library/Frameworks/CFNetwork.framework; sourceTree = SDKROOT; };
		68AABC1C18DBA06E008E883D /* Security.framework */ = {isa = PBXFileReference; lastKnownFileType = wrapper.framework; name = Security.framework; path = System/Library/Frameworks/Security.framework; sourceTree = SDKROOT; };
		68AABC1E18DBA074008E883D /* SystemConfiguration.framework */ = {isa = PBXFileReference; lastKnownFileType = wrapper.framework; name = SystemConfiguration.framework; path = System/Library/Frameworks/SystemConfiguration.framework; sourceTree = SDKROOT; };
		68AABC2018DBA0C8008E883D /* FirebaseSimpleLogin.framework */ = {isa = PBXFileReference; lastKnownFileType = wrapper.framework; name = FirebaseSimpleLogin.framework; path = ../../frameworks/FirebaseSimpleLogin.framework; sourceTree = "<group>"; };
		68AABC2218DBA0D0008E883D /* Accounts.framework */ = {isa = PBXFileReference; lastKnownFileType = wrapper.framework; name = Accounts.framework; path = System/Library/Frameworks/Accounts.framework; sourceTree = SDKROOT; };
		68AABC2418DBA0D6008E883D /* Social.framework */ = {isa = PBXFileReference; lastKnownFileType = wrapper.framework; name = Social.framework; path = System/Library/Frameworks/Social.framework; sourceTree = SDKROOT; };
		68AABC2618DBA14A008E883D /* FacebookSDK.framework */ = {isa = PBXFileReference; lastKnownFileType = wrapper.framework; name = FacebookSDK.framework; path = ../../../../Documents/FacebookSDK/FacebookSDK.framework; sourceTree = "<group>"; };
		68AABC2A18DCF547008E883D /* ELLoginViewController.h */ = {isa = PBXFileReference; fileEncoding = 4; lastKnownFileType = sourcecode.c.h; path = ELLoginViewController.h; sourceTree = "<group>"; };
		68AABC2B18DCF547008E883D /* ELLoginViewController.m */ = {isa = PBXFileReference; fileEncoding = 4; lastKnownFileType = sourcecode.c.objc; path = ELLoginViewController.m; sourceTree = "<group>"; };
		68AABC2C18DCF547008E883D /* ELLoginViewController.xib */ = {isa = PBXFileReference; fileEncoding = 4; lastKnownFileType = file.xib; path = ELLoginViewController.xib; sourceTree = "<group>"; };
		68D1432118EA272600AB3FE8 /* ELWorkout.h */ = {isa = PBXFileReference; fileEncoding = 4; lastKnownFileType = sourcecode.c.h; name = ELWorkout.h; path = Model/ELWorkout.h; sourceTree = "<group>"; };
		68D1432218EA272600AB3FE8 /* ELWorkout.m */ = {isa = PBXFileReference; fileEncoding = 4; lastKnownFileType = sourcecode.c.objc; name = ELWorkout.m; path = Model/ELWorkout.m; sourceTree = "<group>"; };
		68E5A1E718F6E18800F88D33 /* SVProgressHUD-Prefix.pch */ = {isa = PBXFileReference; fileEncoding = 4; lastKnownFileType = sourcecode.c.h; path = "SVProgressHUD-Prefix.pch"; sourceTree = "<group>"; };
		68E5A1E818F6E18800F88D33 /* SVProgressHUD.bundle */ = {isa = PBXFileReference; lastKnownFileType = "wrapper.plug-in"; path = SVProgressHUD.bundle; sourceTree = "<group>"; };
		68E5A1E918F6E18800F88D33 /* SVProgressHUD.h */ = {isa = PBXFileReference; fileEncoding = 4; lastKnownFileType = sourcecode.c.h; path = SVProgressHUD.h; sourceTree = "<group>"; };
		68E5A1EA18F6E18800F88D33 /* SVProgressHUD.m */ = {isa = PBXFileReference; fileEncoding = 4; lastKnownFileType = sourcecode.c.objc; path = SVProgressHUD.m; sourceTree = "<group>"; };
		68E5A1EE18F6F89900F88D33 /* HTAutocompleteTextField.h */ = {isa = PBXFileReference; fileEncoding = 4; lastKnownFileType = sourcecode.c.h; path = HTAutocompleteTextField.h; sourceTree = "<group>"; };
		68E5A1EF18F6F89900F88D33 /* HTAutocompleteTextField.m */ = {isa = PBXFileReference; fileEncoding = 4; lastKnownFileType = sourcecode.c.objc; path = HTAutocompleteTextField.m; sourceTree = "<group>"; };
		68E5A1F718F7019200F88D33 /* ELExerciseAutocompleteTextField.h */ = {isa = PBXFileReference; fileEncoding = 4; lastKnownFileType = sourcecode.c.h; path = ELExerciseAutocompleteTextField.h; sourceTree = "<group>"; };
		68E5A1F818F7019200F88D33 /* ELExerciseAutocompleteTextField.m */ = {isa = PBXFileReference; fileEncoding = 4; lastKnownFileType = sourcecode.c.objc; path = ELExerciseAutocompleteTextField.m; sourceTree = "<group>"; };
		68E9137018F4D4A0006A20D4 /* ELCountdownViewController.h */ = {isa = PBXFileReference; fileEncoding = 4; lastKnownFileType = sourcecode.c.h; path = ELCountdownViewController.h; sourceTree = "<group>"; };
		68E9137118F4D4A0006A20D4 /* ELCountdownViewController.m */ = {isa = PBXFileReference; fileEncoding = 4; lastKnownFileType = sourcecode.c.objc; path = ELCountdownViewController.m; sourceTree = "<group>"; };
		68E9137218F4D4A0006A20D4 /* ELCountdownViewController.xib */ = {isa = PBXFileReference; fileEncoding = 4; lastKnownFileType = file.xib; path = ELCountdownViewController.xib; sourceTree = "<group>"; };
		68E97F0F190315F0003F43FB /* Gotham-Ultra.otf */ = {isa = PBXFileReference; lastKnownFileType = file; path = "Gotham-Ultra.otf"; sourceTree = "<group>"; };
		68F0CF9F18EC2A73003DDC10 /* ELExercisesTableViewController.h */ = {isa = PBXFileReference; fileEncoding = 4; lastKnownFileType = sourcecode.c.h; path = ELExercisesTableViewController.h; sourceTree = "<group>"; };
		68F0CFA018EC2A73003DDC10 /* ELExercisesTableViewController.m */ = {isa = PBXFileReference; fileEncoding = 4; lastKnownFileType = sourcecode.c.objc; path = ELExercisesTableViewController.m; sourceTree = "<group>"; };
		68F0CFA118EC2A73003DDC10 /* ELExercisesTableViewController.xib */ = {isa = PBXFileReference; fileEncoding = 4; lastKnownFileType = file.xib; path = ELExercisesTableViewController.xib; sourceTree = "<group>"; };
		68F0E4241905BB41001027F6 /* ELColorUtil.h */ = {isa = PBXFileReference; fileEncoding = 4; lastKnownFileType = sourcecode.c.h; name = ELColorUtil.h; path = Helpers/ELColorUtil.h; sourceTree = "<group>"; };
		68F0E4251905BB41001027F6 /* ELColorUtil.m */ = {isa = PBXFileReference; fileEncoding = 4; lastKnownFileType = sourcecode.c.objc; name = ELColorUtil.m; path = Helpers/ELColorUtil.m; sourceTree = "<group>"; };
/* End PBXFileReference section */

/* Begin PBXFrameworksBuildPhase section */
		68AABBDF18DB9FA7008E883D /* Frameworks */ = {
			isa = PBXFrameworksBuildPhase;
			buildActionMask = 2147483647;
			files = (
				68AABC2518DBA0D6008E883D /* Social.framework in Frameworks */,
				68AABC2318DBA0D0008E883D /* Accounts.framework in Frameworks */,
				68AABC1F18DBA074008E883D /* SystemConfiguration.framework in Frameworks */,
				68AABC1D18DBA06E008E883D /* Security.framework in Frameworks */,
				68AABC1B18DBA069008E883D /* CFNetwork.framework in Frameworks */,
				68AABC1918DBA064008E883D /* libc++.dylib in Frameworks */,
				68AABC1718DBA05A008E883D /* libicucore.dylib in Frameworks */,
				68AABBE818DB9FA7008E883D /* CoreGraphics.framework in Frameworks */,
				68AABC2718DBA14A008E883D /* FacebookSDK.framework in Frameworks */,
				68AABBEA18DB9FA7008E883D /* UIKit.framework in Frameworks */,
				68AABBE618DB9FA7008E883D /* Foundation.framework in Frameworks */,
				68AABC1518DBA03F008E883D /* Firebase.framework in Frameworks */,
				68AABC2118DBA0C8008E883D /* FirebaseSimpleLogin.framework in Frameworks */,
			);
			runOnlyForDeploymentPostprocessing = 0;
		};
		68AABBFA18DB9FA7008E883D /* Frameworks */ = {
			isa = PBXFrameworksBuildPhase;
			buildActionMask = 2147483647;
			files = (
				68AABBFF18DB9FA7008E883D /* XCTest.framework in Frameworks */,
				68AABC0118DB9FA7008E883D /* UIKit.framework in Frameworks */,
				68AABC0018DB9FA7008E883D /* Foundation.framework in Frameworks */,
			);
			runOnlyForDeploymentPostprocessing = 0;
		};
/* End PBXFrameworksBuildPhase section */

/* Begin PBXGroup section */
		6841D16518F857B2008CFBF3 /* Resources */ = {
			isa = PBXGroup;
			children = (
				6841D16618F857BA008CFBF3 /* Fonts */,
			);
			name = Resources;
			sourceTree = "<group>";
		};
		6841D16618F857BA008CFBF3 /* Fonts */ = {
			isa = PBXGroup;
			children = (
				6841D16B18F859D4008CFBF3 /* Gotham-Light.otf */,
				6841D16718F857D4008CFBF3 /* Gotham-Book.otf */,
				68E97F0F190315F0003F43FB /* Gotham-Ultra.otf */,
			);
			name = Fonts;
			sourceTree = "<group>";
		};
		68535D31190148E00074AD71 /* Settings */ = {
			isa = PBXGroup;
			children = (
				68535D32190148F80074AD71 /* ELSettingsTableViewController.h */,
				68535D33190148F80074AD71 /* ELSettingsTableViewController.m */,
				68535D34190148F80074AD71 /* ELSettingsTableViewController.xib */,
			);
			name = Settings;
			sourceTree = "<group>";
		};
		68535D371901493A0074AD71 /* Login */ = {
			isa = PBXGroup;
			children = (
				68AABC2A18DCF547008E883D /* ELLoginViewController.h */,
				68AABC2B18DCF547008E883D /* ELLoginViewController.m */,
				68AABC2C18DCF547008E883D /* ELLoginViewController.xib */,
			);
			name = Login;
			sourceTree = "<group>";
		};
		68535D38190149460074AD71 /* Workouts */ = {
			isa = PBXGroup;
			children = (
				681F739C18DF223D00AE982D /* ELWorkoutsViewController.h */,
				681F739D18DF223D00AE982D /* ELWorkoutsViewController.m */,
				6841730518EA4CB30049829E /* ELWorkoutsViewController.xib */,
			);
			name = Workouts;
			sourceTree = "<group>";
		};
		68535D391901497B0074AD71 /* AddSets */ = {
			isa = PBXGroup;
			children = (
				683657D518E0670300FA50F2 /* ELAddSetsViewController.h */,
				683657D618E0670300FA50F2 /* ELAddSetsViewController.m */,
				683657D718E0670300FA50F2 /* ELAddSetsViewController.xib */,
			);
			name = AddSets;
			sourceTree = "<group>";
		};
		68535D3A190149C10074AD71 /* Exercises */ = {
			isa = PBXGroup;
			children = (
				68F0CF9F18EC2A73003DDC10 /* ELExercisesTableViewController.h */,
				68F0CFA018EC2A73003DDC10 /* ELExercisesTableViewController.m */,
				68F0CFA118EC2A73003DDC10 /* ELExercisesTableViewController.xib */,
			);
			name = Exercises;
			sourceTree = "<group>";
		};
		68535D3B190149DB0074AD71 /* ViewControllers */ = {
			isa = PBXGroup;
			children = (
				68535D391901497B0074AD71 /* AddSets */,
				68535D3C190149F50074AD71 /* Countdown */,
				68535D3A190149C10074AD71 /* Exercises */,
				68535D371901493A0074AD71 /* Login */,
				68535D31190148E00074AD71 /* Settings */,
				68535D3D19014A090074AD71 /* ViewWorkout */,
				68535D38190149460074AD71 /* Workouts */,
			);
			name = ViewControllers;
			sourceTree = "<group>";
		};
		68535D3C190149F50074AD71 /* Countdown */ = {
			isa = PBXGroup;
			children = (
				68E9137018F4D4A0006A20D4 /* ELCountdownViewController.h */,
				68E9137118F4D4A0006A20D4 /* ELCountdownViewController.m */,
				68E9137218F4D4A0006A20D4 /* ELCountdownViewController.xib */,
			);
			name = Countdown;
			sourceTree = "<group>";
		};
		68535D3D19014A090074AD71 /* ViewWorkout */ = {
			isa = PBXGroup;
			children = (
				6802E31418F7F7AF008439D2 /* ELViewWorkoutTableViewController.h */,
				6802E31518F7F7AF008439D2 /* ELViewWorkoutTableViewController.m */,
				6802E31618F7F7AF008439D2 /* ELViewWorkoutTableViewController.xib */,
			);
			name = ViewWorkout;
			sourceTree = "<group>";
		};
		686B856B18EAB2C600E76E15 /* Custom Cells */ = {
			isa = PBXGroup;
			children = (
				686B856D18EAB34D00E76E15 /* ELWorkoutTableViewCell.h */,
				686B856E18EAB34D00E76E15 /* ELWorkoutTableViewCell.m */,
				686B856F18EAB34D00E76E15 /* ELWorkoutTableViewCell.xib */,
			);
			name = "Custom Cells";
			sourceTree = "<group>";
		};
		686B856C18EAB2EC00E76E15 /* Libraries */ = {
			isa = PBXGroup;
			children = (
				68E5A1ED18F6F87A00F88D33 /* HTAutocompleteTextField */,
				68E5A1E618F6E18800F88D33 /* SVProgressHUD */,
			);
			name = Libraries;
			sourceTree = "<group>";
		};
		686B857218EACE1800E76E15 /* Helpers */ = {
			isa = PBXGroup;
			children = (
				686B857318EACE4700E76E15 /* ELDateTimeUtil.h */,
				686B857418EACE4700E76E15 /* ELDateTimeUtil.m */,
				68535D3E1901DC180074AD71 /* ELSettingsUtil.h */,
				68535D3F1901DC180074AD71 /* ELSettingsUtil.m */,
				68F0E4241905BB41001027F6 /* ELColorUtil.h */,
				68F0E4251905BB41001027F6 /* ELColorUtil.m */,
			);
			name = Helpers;
			sourceTree = "<group>";
		};
		68AABBD918DB9FA7008E883D = {
			isa = PBXGroup;
			children = (
				68AABBEB18DB9FA7008E883D /* Evenlift iOS */,
				68AABC0418DB9FA7008E883D /* Evenlift iOSTests */,
				68AABBE418DB9FA7008E883D /* Frameworks */,
				68AABBE318DB9FA7008E883D /* Products */,
			);
			sourceTree = "<group>";
		};
		68AABBE318DB9FA7008E883D /* Products */ = {
			isa = PBXGroup;
			children = (
				68AABBE218DB9FA7008E883D /* Evenlift.app */,
				68AABBFD18DB9FA7008E883D /* EvenliftTests.xctest */,
			);
			name = Products;
			sourceTree = "<group>";
		};
		68AABBE418DB9FA7008E883D /* Frameworks */ = {
			isa = PBXGroup;
			children = (
				68AABC2618DBA14A008E883D /* FacebookSDK.framework */,
				68AABC2418DBA0D6008E883D /* Social.framework */,
				68AABC2218DBA0D0008E883D /* Accounts.framework */,
				68AABC2018DBA0C8008E883D /* FirebaseSimpleLogin.framework */,
				68AABC1E18DBA074008E883D /* SystemConfiguration.framework */,
				68AABC1C18DBA06E008E883D /* Security.framework */,
				68AABC1A18DBA069008E883D /* CFNetwork.framework */,
				68AABC1818DBA064008E883D /* libc++.dylib */,
				68AABC1618DBA05A008E883D /* libicucore.dylib */,
				68AABC1418DBA03F008E883D /* Firebase.framework */,
				68AABBE518DB9FA7008E883D /* Foundation.framework */,
				68AABBE718DB9FA7008E883D /* CoreGraphics.framework */,
				68AABBE918DB9FA7008E883D /* UIKit.framework */,
				68AABBFE18DB9FA7008E883D /* XCTest.framework */,
			);
			name = Frameworks;
			sourceTree = "<group>";
		};
		68AABBEB18DB9FA7008E883D /* Evenlift iOS */ = {
			isa = PBXGroup;
			children = (
				6841D16518F857B2008CFBF3 /* Resources */,
				68AABBF418DB9FA7008E883D /* ELAppDelegate.h */,
				68AABBF518DB9FA7008E883D /* ELAppDelegate.m */,
				686B857218EACE1800E76E15 /* Helpers */,
				686B856C18EAB2EC00E76E15 /* Libraries */,
				68D1432418EA273000AB3FE8 /* Model */,
				686B856B18EAB2C600E76E15 /* Custom Cells */,
				68535D3B190149DB0074AD71 /* ViewControllers */,
				68AABBF718DB9FA7008E883D /* Images.xcassets */,
				68AABBEC18DB9FA7008E883D /* Supporting Files */,
			);
			path = "Evenlift iOS";
			sourceTree = "<group>";
		};
		68AABBEC18DB9FA7008E883D /* Supporting Files */ = {
			isa = PBXGroup;
			children = (
				68AABBED18DB9FA7008E883D /* Evenlift-Info.plist */,
				68AABBEE18DB9FA7008E883D /* InfoPlist.strings */,
				68AABBF118DB9FA7008E883D /* main.m */,
				68AABBF318DB9FA7008E883D /* Evenlift-Prefix.pch */,
			);
			name = "Supporting Files";
			sourceTree = "<group>";
		};
		68AABC0418DB9FA7008E883D /* Evenlift iOSTests */ = {
			isa = PBXGroup;
			children = (
				68AABC0A18DB9FA7008E883D /* Evenlift_iOSTests.m */,
				68AABC0518DB9FA7008E883D /* Supporting Files */,
			);
			path = "Evenlift iOSTests";
			sourceTree = "<group>";
		};
		68AABC0518DB9FA7008E883D /* Supporting Files */ = {
			isa = PBXGroup;
			children = (
				68AABC0618DB9FA7008E883D /* EvenliftTests-Info.plist */,
				68AABC0718DB9FA7008E883D /* InfoPlist.strings */,
			);
			name = "Supporting Files";
			sourceTree = "<group>";
		};
		68D1432418EA273000AB3FE8 /* Model */ = {
			isa = PBXGroup;
			children = (
				6802E30E18F7EFDD008439D2 /* ELExercise.h */,
				6802E30F18F7EFDD008439D2 /* ELExercise.m */,
				6802E31118F7F029008439D2 /* ELSet.h */,
				6802E31218F7F029008439D2 /* ELSet.m */,
				68D1432118EA272600AB3FE8 /* ELWorkout.h */,
				68D1432218EA272600AB3FE8 /* ELWorkout.m */,
			);
			name = Model;
			sourceTree = "<group>";
		};
		68E5A1E618F6E18800F88D33 /* SVProgressHUD */ = {
			isa = PBXGroup;
			children = (
				68E5A1E718F6E18800F88D33 /* SVProgressHUD-Prefix.pch */,
				68E5A1E818F6E18800F88D33 /* SVProgressHUD.bundle */,
				68E5A1E918F6E18800F88D33 /* SVProgressHUD.h */,
				68E5A1EA18F6E18800F88D33 /* SVProgressHUD.m */,
			);
			path = SVProgressHUD;
			sourceTree = "<group>";
		};
		68E5A1ED18F6F87A00F88D33 /* HTAutocompleteTextField */ = {
			isa = PBXGroup;
			children = (
				68E5A1F718F7019200F88D33 /* ELExerciseAutocompleteTextField.h */,
				68E5A1F818F7019200F88D33 /* ELExerciseAutocompleteTextField.m */,
				68E5A1EE18F6F89900F88D33 /* HTAutocompleteTextField.h */,
				68E5A1EF18F6F89900F88D33 /* HTAutocompleteTextField.m */,
			);
			name = HTAutocompleteTextField;
			sourceTree = "<group>";
		};
/* End PBXGroup section */

/* Begin PBXNativeTarget section */
		68AABBE118DB9FA7008E883D /* Evenlift */ = {
			isa = PBXNativeTarget;
			buildConfigurationList = 68AABC0E18DB9FA7008E883D /* Build configuration list for PBXNativeTarget "Evenlift" */;
			buildPhases = (
				68AABBDE18DB9FA7008E883D /* Sources */,
				68AABBDF18DB9FA7008E883D /* Frameworks */,
				68AABBE018DB9FA7008E883D /* Resources */,
			);
			buildRules = (
			);
			dependencies = (
			);
			name = Evenlift;
			productName = "Evenlift iOS";
			productReference = 68AABBE218DB9FA7008E883D /* Evenlift.app */;
			productType = "com.apple.product-type.application";
		};
		68AABBFC18DB9FA7008E883D /* EvenliftTests */ = {
			isa = PBXNativeTarget;
			buildConfigurationList = 68AABC1118DB9FA7008E883D /* Build configuration list for PBXNativeTarget "EvenliftTests" */;
			buildPhases = (
				68AABBF918DB9FA7008E883D /* Sources */,
				68AABBFA18DB9FA7008E883D /* Frameworks */,
				68AABBFB18DB9FA7008E883D /* Resources */,
			);
			buildRules = (
			);
			dependencies = (
				68AABC0318DB9FA7008E883D /* PBXTargetDependency */,
			);
			name = EvenliftTests;
			productName = "Evenlift iOSTests";
			productReference = 68AABBFD18DB9FA7008E883D /* EvenliftTests.xctest */;
			productType = "com.apple.product-type.bundle.unit-test";
		};
/* End PBXNativeTarget section */

/* Begin PBXProject section */
		68AABBDA18DB9FA7008E883D /* Project object */ = {
			isa = PBXProject;
			attributes = {
				CLASSPREFIX = EL;
				LastUpgradeCheck = 0510;
				ORGANIZATIONNAME = Evenlift;
				TargetAttributes = {
					68AABBFC18DB9FA7008E883D = {
						TestTargetID = 68AABBE118DB9FA7008E883D;
					};
				};
			};
			buildConfigurationList = 68AABBDD18DB9FA7008E883D /* Build configuration list for PBXProject "Evenlift" */;
			compatibilityVersion = "Xcode 3.2";
			developmentRegion = English;
			hasScannedForEncodings = 0;
			knownRegions = (
				en,
			);
			mainGroup = 68AABBD918DB9FA7008E883D;
			productRefGroup = 68AABBE318DB9FA7008E883D /* Products */;
			projectDirPath = "";
			projectRoot = "";
			targets = (
				68AABBE118DB9FA7008E883D /* Evenlift */,
				68AABBFC18DB9FA7008E883D /* EvenliftTests */,
			);
		};
/* End PBXProject section */

/* Begin PBXResourcesBuildPhase section */
		68AABBE018DB9FA7008E883D /* Resources */ = {
			isa = PBXResourcesBuildPhase;
			buildActionMask = 2147483647;
			files = (
				683657D918E0670300FA50F2 /* ELAddSetsViewController.xib in Resources */,
				6841730618EA4CB30049829E /* ELWorkoutsViewController.xib in Resources */,
				68AABC2E18DCF547008E883D /* ELLoginViewController.xib in Resources */,
				686B857118EAB34D00E76E15 /* ELWorkoutTableViewCell.xib in Resources */,
				6841D16C18F859D4008CFBF3 /* Gotham-Light.otf in Resources */,
				68535D36190148F80074AD71 /* ELSettingsTableViewController.xib in Resources */,
				68E97F10190315F0003F43FB /* Gotham-Ultra.otf in Resources */,
				6802E31818F7F7AF008439D2 /* ELViewWorkoutTableViewController.xib in Resources */,
				68AABBF018DB9FA7008E883D /* InfoPlist.strings in Resources */,
				6841D16918F857D4008CFBF3 /* Gotham-Book.otf in Resources */,
				68E5A1EB18F6E18800F88D33 /* SVProgressHUD.bundle in Resources */,
				68E9137418F4D4A0006A20D4 /* ELCountdownViewController.xib in Resources */,
				68F0CFA318EC2A73003DDC10 /* ELExercisesTableViewController.xib in Resources */,
				68AABBF818DB9FA7008E883D /* Images.xcassets in Resources */,
			);
			runOnlyForDeploymentPostprocessing = 0;
		};
		68AABBFB18DB9FA7008E883D /* Resources */ = {
			isa = PBXResourcesBuildPhase;
			buildActionMask = 2147483647;
			files = (
				68AABC0918DB9FA7008E883D /* InfoPlist.strings in Resources */,
			);
			runOnlyForDeploymentPostprocessing = 0;
		};
/* End PBXResourcesBuildPhase section */

/* Begin PBXSourcesBuildPhase section */
		68AABBDE18DB9FA7008E883D /* Sources */ = {
			isa = PBXSourcesBuildPhase;
			buildActionMask = 2147483647;
			files = (
				68E5A1F918F7019200F88D33 /* ELExerciseAutocompleteTextField.m in Sources */,
				68AABC2D18DCF547008E883D /* ELLoginViewController.m in Sources */,
				68F0CFA218EC2A73003DDC10 /* ELExercisesTableViewController.m in Sources */,
				6802E31718F7F7AF008439D2 /* ELViewWorkoutTableViewController.m in Sources */,
				68AABBF218DB9FA7008E883D /* main.m in Sources */,
				68F0E4261905BB41001027F6 /* ELColorUtil.m in Sources */,
				68D1432318EA272600AB3FE8 /* ELWorkout.m in Sources */,
				68535D35190148F80074AD71 /* ELSettingsTableViewController.m in Sources */,
				681F739F18DF223D00AE982D /* ELWorkoutsViewController.m in Sources */,
				68E5A1F218F6F89900F88D33 /* HTAutocompleteTextField.m in Sources */,
				683657D818E0670300FA50F2 /* ELAddSetsViewController.m in Sources */,
				68AABBF618DB9FA7008E883D /* ELAppDelegate.m in Sources */,
				68535D401901DC180074AD71 /* ELSettingsUtil.m in Sources */,
				68E5A1EC18F6E18800F88D33 /* SVProgressHUD.m in Sources */,
				686B857018EAB34D00E76E15 /* ELWorkoutTableViewCell.m in Sources */,
				686B857518EACE4700E76E15 /* ELDateTimeUtil.m in Sources */,
				6802E31018F7EFDD008439D2 /* ELExercise.m in Sources */,
				68E9137318F4D4A0006A20D4 /* ELCountdownViewController.m in Sources */,
				6802E31318F7F029008439D2 /* ELSet.m in Sources */,
			);
			runOnlyForDeploymentPostprocessing = 0;
		};
		68AABBF918DB9FA7008E883D /* Sources */ = {
			isa = PBXSourcesBuildPhase;
			buildActionMask = 2147483647;
			files = (
				68AABC0B18DB9FA7008E883D /* Evenlift_iOSTests.m in Sources */,
			);
			runOnlyForDeploymentPostprocessing = 0;
		};
/* End PBXSourcesBuildPhase section */

/* Begin PBXTargetDependency section */
		68AABC0318DB9FA7008E883D /* PBXTargetDependency */ = {
			isa = PBXTargetDependency;
			target = 68AABBE118DB9FA7008E883D /* Evenlift */;
			targetProxy = 68AABC0218DB9FA7008E883D /* PBXContainerItemProxy */;
		};
/* End PBXTargetDependency section */

/* Begin PBXVariantGroup section */
		68AABBEE18DB9FA7008E883D /* InfoPlist.strings */ = {
			isa = PBXVariantGroup;
			children = (
				68AABBEF18DB9FA7008E883D /* en */,
			);
			name = InfoPlist.strings;
			sourceTree = "<group>";
		};
		68AABC0718DB9FA7008E883D /* InfoPlist.strings */ = {
			isa = PBXVariantGroup;
			children = (
				68AABC0818DB9FA7008E883D /* en */,
			);
			name = InfoPlist.strings;
			sourceTree = "<group>";
		};
/* End PBXVariantGroup section */

/* Begin XCBuildConfiguration section */
		68AABC0C18DB9FA7008E883D /* Debug */ = {
			isa = XCBuildConfiguration;
			buildSettings = {
				ALWAYS_SEARCH_USER_PATHS = NO;
				CLANG_CXX_LANGUAGE_STANDARD = "gnu++0x";
				CLANG_CXX_LIBRARY = "libc++";
				CLANG_ENABLE_MODULES = YES;
				CLANG_ENABLE_OBJC_ARC = YES;
				CLANG_WARN_BOOL_CONVERSION = YES;
				CLANG_WARN_CONSTANT_CONVERSION = YES;
				CLANG_WARN_DIRECT_OBJC_ISA_USAGE = YES_ERROR;
				CLANG_WARN_EMPTY_BODY = YES;
				CLANG_WARN_ENUM_CONVERSION = YES;
				CLANG_WARN_INT_CONVERSION = YES;
				CLANG_WARN_OBJC_ROOT_CLASS = YES_ERROR;
				CLANG_WARN__DUPLICATE_METHOD_MATCH = YES;
				"CODE_SIGN_IDENTITY[sdk=iphoneos*]" = "iPhone Developer";
				COPY_PHASE_STRIP = NO;
				GCC_C_LANGUAGE_STANDARD = gnu99;
				GCC_DYNAMIC_NO_PIC = NO;
				GCC_OPTIMIZATION_LEVEL = 0;
				GCC_PREPROCESSOR_DEFINITIONS = (
					"DEBUG=1",
					"$(inherited)",
				);
				GCC_SYMBOLS_PRIVATE_EXTERN = NO;
				GCC_WARN_64_TO_32_BIT_CONVERSION = YES;
				GCC_WARN_ABOUT_RETURN_TYPE = YES_ERROR;
				GCC_WARN_UNDECLARED_SELECTOR = YES;
				GCC_WARN_UNINITIALIZED_AUTOS = YES;
				GCC_WARN_UNUSED_FUNCTION = YES;
				GCC_WARN_UNUSED_VARIABLE = YES;
				IPHONEOS_DEPLOYMENT_TARGET = 7.0;
				ONLY_ACTIVE_ARCH = YES;
				SDKROOT = iphoneos;
			};
			name = Debug;
		};
		68AABC0D18DB9FA7008E883D /* Release */ = {
			isa = XCBuildConfiguration;
			buildSettings = {
				ALWAYS_SEARCH_USER_PATHS = NO;
				CLANG_CXX_LANGUAGE_STANDARD = "gnu++0x";
				CLANG_CXX_LIBRARY = "libc++";
				CLANG_ENABLE_MODULES = YES;
				CLANG_ENABLE_OBJC_ARC = YES;
				CLANG_WARN_BOOL_CONVERSION = YES;
				CLANG_WARN_CONSTANT_CONVERSION = YES;
				CLANG_WARN_DIRECT_OBJC_ISA_USAGE = YES_ERROR;
				CLANG_WARN_EMPTY_BODY = YES;
				CLANG_WARN_ENUM_CONVERSION = YES;
				CLANG_WARN_INT_CONVERSION = YES;
				CLANG_WARN_OBJC_ROOT_CLASS = YES_ERROR;
				CLANG_WARN__DUPLICATE_METHOD_MATCH = YES;
				"CODE_SIGN_IDENTITY[sdk=iphoneos*]" = "iPhone Developer";
				COPY_PHASE_STRIP = YES;
				ENABLE_NS_ASSERTIONS = NO;
				GCC_C_LANGUAGE_STANDARD = gnu99;
				GCC_WARN_64_TO_32_BIT_CONVERSION = YES;
				GCC_WARN_ABOUT_RETURN_TYPE = YES_ERROR;
				GCC_WARN_UNDECLARED_SELECTOR = YES;
				GCC_WARN_UNINITIALIZED_AUTOS = YES;
				GCC_WARN_UNUSED_FUNCTION = YES;
				GCC_WARN_UNUSED_VARIABLE = YES;
				IPHONEOS_DEPLOYMENT_TARGET = 7.0;
				SDKROOT = iphoneos;
				VALIDATE_PRODUCT = YES;
			};
			name = Release;
		};
		68AABC0F18DB9FA7008E883D /* Debug */ = {
			isa = XCBuildConfiguration;
			buildSettings = {
				ASSETCATALOG_COMPILER_APPICON_NAME = AppIcon;
				ASSETCATALOG_COMPILER_LAUNCHIMAGE_NAME = LaunchImage;
				FRAMEWORK_SEARCH_PATHS = (
					"$(inherited)",
					/Users/GiaSet/Desktop/evenlift/frameworks,
					/Users/GiaSet/Documents/FacebookSDK,
				);
				GCC_PRECOMPILE_PREFIX_HEADER = YES;
				GCC_PREFIX_HEADER = "Evenlift iOS/Evenlift-Prefix.pch";
				INFOPLIST_FILE = "Evenlift iOS/Evenlift-Info.plist";
				OTHER_LDFLAGS = "-ObjC";
				PRODUCT_NAME = Evenlift;
				WRAPPER_EXTENSION = app;
			};
			name = Debug;
		};
		68AABC1018DB9FA7008E883D /* Release */ = {
			isa = XCBuildConfiguration;
			buildSettings = {
				ASSETCATALOG_COMPILER_APPICON_NAME = AppIcon;
				ASSETCATALOG_COMPILER_LAUNCHIMAGE_NAME = LaunchImage;
				FRAMEWORK_SEARCH_PATHS = (
					"$(inherited)",
					/Users/GiaSet/Desktop/evenlift/frameworks,
					/Users/GiaSet/Documents/FacebookSDK,
				);
				GCC_PRECOMPILE_PREFIX_HEADER = YES;
				GCC_PREFIX_HEADER = "Evenlift iOS/Evenlift-Prefix.pch";
				INFOPLIST_FILE = "Evenlift iOS/Evenlift-Info.plist";
				OTHER_LDFLAGS = "-ObjC";
				PRODUCT_NAME = Evenlift;
				WRAPPER_EXTENSION = app;
			};
			name = Release;
		};
		68AABC1218DB9FA7008E883D /* Debug */ = {
			isa = XCBuildConfiguration;
			buildSettings = {
				BUNDLE_LOADER = "$(BUILT_PRODUCTS_DIR)/Evenlift iOS.app/Evenlift iOS";
				FRAMEWORK_SEARCH_PATHS = (
					"$(SDKROOT)/Developer/Library/Frameworks",
					"$(inherited)",
					"$(DEVELOPER_FRAMEWORKS_DIR)",
				);
				GCC_PRECOMPILE_PREFIX_HEADER = YES;
				GCC_PREFIX_HEADER = "Evenlift iOS/Evenlift iOS-Prefix.pch";
				GCC_PREPROCESSOR_DEFINITIONS = (
					"DEBUG=1",
					"$(inherited)",
				);
				INFOPLIST_FILE = "Evenlift iOSTests/EvenliftTests-Info.plist";
				PRODUCT_NAME = EvenliftTests;
				TEST_HOST = "$(BUNDLE_LOADER)";
				WRAPPER_EXTENSION = xctest;
			};
			name = Debug;
		};
		68AABC1318DB9FA7008E883D /* Release */ = {
			isa = XCBuildConfiguration;
			buildSettings = {
				BUNDLE_LOADER = "$(BUILT_PRODUCTS_DIR)/Evenlift iOS.app/Evenlift iOS";
				FRAMEWORK_SEARCH_PATHS = (
					"$(SDKROOT)/Developer/Library/Frameworks",
					"$(inherited)",
					"$(DEVELOPER_FRAMEWORKS_DIR)",
				);
				GCC_PRECOMPILE_PREFIX_HEADER = YES;
				GCC_PREFIX_HEADER = "Evenlift iOS/Evenlift iOS-Prefix.pch";
				INFOPLIST_FILE = "Evenlift iOSTests/EvenliftTests-Info.plist";
				PRODUCT_NAME = EvenliftTests;
				TEST_HOST = "$(BUNDLE_LOADER)";
				WRAPPER_EXTENSION = xctest;
			};
			name = Release;
		};
/* End XCBuildConfiguration section */

/* Begin XCConfigurationList section */
		68AABBDD18DB9FA7008E883D /* Build configuration list for PBXProject "Evenlift" */ = {
			isa = XCConfigurationList;
			buildConfigurations = (
				68AABC0C18DB9FA7008E883D /* Debug */,
				68AABC0D18DB9FA7008E883D /* Release */,
			);
			defaultConfigurationIsVisible = 0;
			defaultConfigurationName = Release;
		};
		68AABC0E18DB9FA7008E883D /* Build configuration list for PBXNativeTarget "Evenlift" */ = {
			isa = XCConfigurationList;
			buildConfigurations = (
				68AABC0F18DB9FA7008E883D /* Debug */,
				68AABC1018DB9FA7008E883D /* Release */,
			);
			defaultConfigurationIsVisible = 0;
			defaultConfigurationName = Release;
		};
		68AABC1118DB9FA7008E883D /* Build configuration list for PBXNativeTarget "EvenliftTests" */ = {
			isa = XCConfigurationList;
			buildConfigurations = (
				68AABC1218DB9FA7008E883D /* Debug */,
				68AABC1318DB9FA7008E883D /* Release */,
			);
			defaultConfigurationIsVisible = 0;
			defaultConfigurationName = Release;
		};
/* End XCConfigurationList section */
	};
	rootObject = 68AABBDA18DB9FA7008E883D /* Project object */;
}
